Microsoft Visual Studio Solution File, Format Version 12.00
# Visual Studio Version 17
VisualStudioVersion = 17.5.2.0
MinimumVisualStudioVersion = 10.0.40219.1
Project("{FAE04EC0-301F-11D3-BF4B-00C04F79EFBC}") = "LeadshineCard", "LeadshineCard.csproj", "{8336C0F5-556D-057C-6DFF-4D027E03A4A6}"
EndProject
Global
	GlobalSection(SolutionConfigurationPlatforms) = preSolution
		Debug|Any CPU = Debug|Any CPU
		Release|Any CPU = Release|Any CPU
	EndGlobalSection
	GlobalSection(ProjectConfigurationPlatforms) = postSolution
		{8336C0F5-556D-057C-6DFF-4D027E03A4A6}.Debug|Any CPU.ActiveCfg = Debug|Any CPU
		{8336C0F5-556D-057C-6DFF-4D027E03A4A6}.Debug|Any CPU.Build.0 = Debug|Any CPU
		{8336C0F5-556D-057C-6DFF-4D027E03A4A6}.Release|Any CPU.ActiveCfg = Release|Any CPU
		{8336C0F5-556D-057C-6DFF-4D027E03A4A6}.Release|Any CPU.Build.0 = Release|Any CPU
	EndGlobalSection
	GlobalSection(SolutionProperties) = preSolution
		HideSolutionNode = FALSE
	EndGlobalSection
	GlobalSection(ExtensibilityGlobals) = postSolution
		SolutionGuid = {29F9EF72-FB79-4F8D-9706-004109A4B3A5}
	EndGlobalSection
EndGlobal
